{
    "name": "@ovox/bot-sdk",
    "version": "1.0.0",
    "lockfileVersion": 3,
    "requires": true,
    "packages": {
        "": {
            "name": "@ovox/bot-sdk",
            "version": "1.0.0",
            "license": "MIT",
            "dependencies": {
                "@supabase/supabase-js": "^2.77.0"
            },
            "devDependencies": {
                "@types/node": "^22.10.7",
                "typescript": "^5.6.2"
            }
        },
        "node_modules/@supabase/auth-js": {
            "version": "2.87.0",
            "resolved": "https://registry.npmjs.org/@supabase/auth-js/-/auth-js-2.87.0.tgz",
            "integrity": "sha512-Otv/fjkyev9cH55VoZHwbzDd5N8y1SNREqDpzE8cqI2KnlHAkr0g6ZWv7d8elVKhS3le09xvAeRaoONGaRc8sA==",
            "license": "MIT",
            "dependencies": {
                "tslib": "2.8.1"
            },
            "engines": {
                "node": ">=20.0.0"
            }
        },
        "node_modules/@supabase/functions-js": {
            "version": "2.87.0",
            "resolved": "https://registry.npmjs.org/@supabase/functions-js/-/functions-js-2.87.0.tgz",
            "integrity": "sha512-L4Y6PD8gyeWMZeHXiwywICIJvEWnnwn8E3Z7V3Wn60/N+jDKMaRJlaCncPf8rhHzFuJlabqRiVEy5nCKjmAnXA==",
            "license": "MIT",
            "dependencies": {
                "tslib": "2.8.1"
            },
            "engines": {
                "node": ">=20.0.0"
            }
        },
        "node_modules/@supabase/postgrest-js": {
            "version": "2.87.0",
            "resolved": "https://registry.npmjs.org/@supabase/postgrest-js/-/postgrest-js-2.87.0.tgz",
            "integrity": "sha512-2+86Iyq9INVQE++L/kCWSoWApeoU4CVO6VKJrzaxGQGESylTVam5mqVqC0LQnjZ39kIKQgYmZ3yylXMmPNFHJQ==",
            "license": "MIT",
            "dependencies": {
                "tslib": "2.8.1"
            },
            "engines": {
                "node": ">=20.0.0"
            }
        },
        "node_modules/@supabase/realtime-js": {
            "version": "2.87.0",
            "resolved": "https://registry.npmjs.org/@supabase/realtime-js/-/realtime-js-2.87.0.tgz",
            "integrity": "sha512-38l2jg9yb9cMos3cVWuX9X+nMFZFzW8sD/MJiVvbpRes9gPZ210AMGExYU8/kix5uq/ymSoSsKLnV8DhXYWqOg==",
            "license": "MIT",
            "dependencies": {
                "@types/phoenix": "^1.6.6",
                "@types/ws": "^8.18.1",
                "tslib": "2.8.1",
                "ws": "^8.18.2"
            },
            "engines": {
                "node": ">=20.0.0"
            }
        },
        "node_modules/@supabase/storage-js": {
            "version": "2.87.0",
            "resolved": "https://registry.npmjs.org/@supabase/storage-js/-/storage-js-2.87.0.tgz",
            "integrity": "sha512-luTghajY3IrrKglP5bjf2/51ASg5xaZUALsZuzR23RmuMg4lc4pzq4TxEgnkLoUGDT7Ppr9+uSgvIhf1snXbAw==",
            "license": "MIT",
            "dependencies": {
                "iceberg-js": "^0.8.1",
                "tslib": "2.8.1"
            },
            "engines": {
                "node": ">=20.0.0"
            }
        },
        "node_modules/@supabase/supabase-js": {
            "version": "2.87.0",
            "resolved": "https://registry.npmjs.org/@supabase/supabase-js/-/supabase-js-2.87.0.tgz",
            "integrity": "sha512-4u8JtF8qPW1V1FEcfqeRFU/9LK6CNjuLpDcJOjL1npobMPFCQhCQsWCYBnRlyf3QN7o7LG5zSKFRsmk8wJK/+Q==",
            "license": "MIT",
            "dependencies": {
                "@supabase/auth-js": "2.87.0",
                "@supabase/functions-js": "2.87.0",
                "@supabase/postgrest-js": "2.87.0",
                "@supabase/realtime-js": "2.87.0",
                "@supabase/storage-js": "2.87.0"
            },
            "engines": {
                "node": ">=20.0.0"
            }
        },
        "node_modules/@types/node": {
            "version": "22.19.2",
            "resolved": "https://registry.npmjs.org/@types/node/-/node-22.19.2.tgz",
            "integrity": "sha512-LPM2G3Syo1GLzXLGJAKdqoU35XvrWzGJ21/7sgZTUpbkBaOasTj8tjwn6w+hCkqaa1TfJ/w67rJSwYItlJ2mYw==",
            "license": "MIT",
            "dependencies": {
                "undici-types": "~6.21.0"
            }
        },
        "node_modules/@types/phoenix": {
            "version": "1.6.7",
            "resolved": "https://registry.npmjs.org/@types/phoenix/-/phoenix-1.6.7.tgz",
            "integrity": "sha512-oN9ive//QSBkf19rfDv45M7eZPi0eEXylht2OLEXicu5b4KoQ1OzXIw+xDSGWxSxe1JmepRR/ZH283vsu518/Q==",
            "license": "MIT"
        },
        "node_modules/@types/ws": {
            "version": "8.18.1",
            "resolved": "https://registry.npmjs.org/@types/ws/-/ws-8.18.1.tgz",
            "integrity": "sha512-ThVF6DCVhA8kUGy+aazFQ4kXQ7E1Ty7A3ypFOe0IcJV8O/M511G99AW24irKrW56Wt44yG9+ij8FaqoBGkuBXg==",
            "license": "MIT",
            "dependencies": {
                "@types/node": "*"
            }
        },
        "node_modules/iceberg-js": {
            "version": "0.8.1",
            "resolved": "https://registry.npmjs.org/iceberg-js/-/iceberg-js-0.8.1.tgz",
            "integrity": "sha512-1dhVQZXhcHje7798IVM+xoo/1ZdVfzOMIc8/rgVSijRK38EDqOJoGula9N/8ZI5RD8QTxNQtK/Gozpr+qUqRRA==",
            "license": "MIT",
            "engines": {
                "node": ">=20.0.0"
            }
        },
        "node_modules/tslib": {
            "version": "2.8.1",
            "resolved": "https://registry.npmjs.org/tslib/-/tslib-2.8.1.tgz",
            "integrity": "sha512-oJFu94HQb+KVduSUQL7wnpmqnfmLsOA/nAh6b6EH0wCEoK0/mPeXU6c3wKDV83MkOuHPRHtSXKKU99IBazS/2w==",
            "license": "0BSD"
        },
        "node_modules/typescript": {
            "version": "5.9.3",
            "resolved": "https://registry.npmjs.org/typescript/-/typescript-5.9.3.tgz",
            "integrity": "sha512-jl1vZzPDinLr9eUt3J/t7V6FgNEw9QjvBPdysz9KfQDD41fQrC2Y4vKQdiaUpFT4bXlb1RHhLpp8wtm6M5TgSw==",
            "dev": true,
            "license": "Apache-2.0",
            "bin": {
                "tsc": "bin/tsc",
                "tsserver": "bin/tsserver"
            },
            "engines": {
                "node": ">=14.17"
            }
        },
        "node_modules/undici-types": {
            "version": "6.21.0",
            "resolved": "https://registry.npmjs.org/undici-types/-/undici-types-6.21.0.tgz",
            "integrity": "sha512-iwDZqg0QAGrg9Rav5H4n0M64c3mkR59cJ6wQp+7C4nI0gsmExaedaYLNO44eT4AtBBwjbTiGPMlt2Md0T9H9JQ==",
            "license": "MIT"
        },
        "node_modules/ws": {
            "version": "8.18.3",
            "resolved": "https://registry.npmjs.org/ws/-/ws-8.18.3.tgz",
            "integrity": "sha512-PEIGCY5tSlUt50cqyMXfCzX+oOPqN0vuGqWzbcJ2xvnkzkq46oOpz7dQaTDBdfICb4N14+GARUDw2XV2N4tvzg==",
            "license": "MIT",
            "engines": {
                "node": ">=10.0.0"
            },
            "peerDependencies": {
                "bufferutil": "^4.0.1",
                "utf-8-validate": ">=5.0.2"
            },
            "peerDependenciesMeta": {
                "bufferutil": {
                    "optional": true
                },
                "utf-8-validate": {
                    "optional": true
                }
            }
        }
    }
}
